{
  "nodes": {
    "flake-parts": {
      "inputs": {
        "nixpkgs-lib": [
          "neovim-nightly-overlay",
          "nixpkgs"
        ]
      },
      "locked": {
        "lastModified": 1765835352,
        "narHash": "sha256-XswHlK/Qtjasvhd1nOa1e8MgZ8GS//jBoTqWtrS1Giw=",
        "owner": "hercules-ci",
        "repo": "flake-parts",
        "rev": "a34fae9c08a15ad73f295041fec82323541400a9",
        "type": "github"
      },
      "original": {
        "owner": "hercules-ci",
        "repo": "flake-parts",
        "type": "github"
      }
    },
    "neovim-nightly-overlay": {
      "inputs": {
        "flake-parts": "flake-parts",
        "neovim-src": "neovim-src",
        "nixpkgs": "nixpkgs"
      },
      "locked": {
        "lastModified": 1766793883,
        "narHash": "sha256-k5pLDiwKWQfsSSwKs6UbIWiKWZo6xKNsTNPnuzHPeNo=",
        "owner": "nix-community",
        "repo": "neovim-nightly-overlay",
        "rev": "6c63748c49be61297332a11c984973194638d4fb",
        "type": "github"
      },
      "original": {
        "owner": "nix-community",
        "repo": "neovim-nightly-overlay",
        "type": "github"
      }
    },
    "neovim-src": {
      "flake": false,
      "locked": {
        "lastModified": 1766742707,
        "narHash": "sha256-vWRPyUDlSiFucT3dwRuYm8AdZ75kzvQg+ymsiLapMwk=",
        "owner": "neovim",
        "repo": "neovim",
        "rev": "899ec829be85b52202f0ce32c455ae4f4d60b85b",
        "type": "github"
      },
      "original": {
        "owner": "neovim",
        "repo": "neovim",
        "type": "github"
      }
    },
    "nixCats": {
      "locked": {
        "lastModified": 1765766809,
        "narHash": "sha256-3Xp41+Sb1zIzASa1Uu1k1RMUoJ9CGyYb0GtvvpRPBqg=",
        "owner": "BirdeeHub",
        "repo": "nixCats-nvim",
        "rev": "fe157e3ed69ed14b55ca81f597eac282caed58a2",
        "type": "github"
      },
      "original": {
        "owner": "BirdeeHub",
        "repo": "nixCats-nvim",
        "type": "github"
      }
    },
    "nixpkgs": {
      "locked": {
        "lastModified": 1766747458,
        "narHash": "sha256-m63jjuo/ygo8ztkCziYh5OOIbTSXUDkKbqw3Vuqu4a4=",
        "owner": "NixOS",
        "repo": "nixpkgs",
        "rev": "c633f572eded8c4f3c75b8010129854ed404a6ce",
        "type": "github"
      },
      "original": {
        "owner": "NixOS",
        "ref": "nixpkgs-unstable",
        "repo": "nixpkgs",
        "type": "github"
      }
    },
    "nixpkgs_2": {
      "locked": {
        "lastModified": 1766651565,
        "narHash": "sha256-QEhk0eXgyIqTpJ/ehZKg9IKS7EtlWxF3N7DXy42zPfU=",
        "owner": "nixos",
        "repo": "nixpkgs",
        "rev": "3e2499d5539c16d0d173ba53552a4ff8547f4539",
        "type": "github"
      },
      "original": {
        "owner": "nixos",
        "ref": "nixos-unstable",
        "repo": "nixpkgs",
        "type": "github"
      }
    },
    "plugins-agentic-nvim": {
      "flake": false,
      "locked": {
        "lastModified": 1766832339,
        "narHash": "sha256-84d25ospqsB+0UqIssdXKx7cceMe5UIzEVU4o5Grc/k=",
        "owner": "carlos-algms",
        "repo": "agentic.nvim",
        "rev": "d1eb36cf5fab0cdbfcb8007cdd6c3f9d2e0f7130",
        "type": "github"
      },
      "original": {
        "owner": "carlos-algms",
        "repo": "agentic.nvim",
        "type": "github"
      }
    },
    "plugins-darklight-nvim": {
      "flake": false,
      "locked": {
        "lastModified": 1707161788,
        "narHash": "sha256-/MdGhcZ0kQsAzDl02lJK4zMf/5fC5Md0iuvWrz0ZR6Q=",
        "owner": "eliseshaffer",
        "repo": "darklight.nvim",
        "rev": "5db97e2d132ebdf32c7e5edb5b0c68be9ae43038",
        "type": "github"
      },
      "original": {
        "owner": "eliseshaffer",
        "repo": "darklight.nvim",
        "type": "github"
      }
    },
    "plugins-e-ink-nvim": {
      "flake": false,
      "locked": {
        "lastModified": 1761905235,
        "narHash": "sha256-+AguHiALJNm48WUa654Gmrt3WJsyA90zG/7Me6aoVHs=",
        "owner": "alexxGmZ",
        "repo": "e-ink.nvim",
        "rev": "a0f003a0c6e2952abd9b73ef89d56c65e6c46f00",
        "type": "github"
      },
      "original": {
        "owner": "alexxGmZ",
        "repo": "e-ink.nvim",
        "type": "github"
      }
    },
    "root": {
      "inputs": {
        "neovim-nightly-overlay": "neovim-nightly-overlay",
        "nixCats": "nixCats",
        "nixpkgs": "nixpkgs_2",
        "plugins-agentic-nvim": "plugins-agentic-nvim",
        "plugins-darklight-nvim": "plugins-darklight-nvim",
        "plugins-e-ink-nvim": "plugins-e-ink-nvim",
        "vimspell-en": "vimspell-en",
        "vimspell-tr": "vimspell-tr"
      }
    },
    "vimspell-en": {
      "flake": false,
      "locked": {
        "narHash": "sha256-D7PU4+gCrrshtSQTg3WGzk0UaD9mzpb1EdjW5/O13nM=",
        "type": "file",
        "url": "https://ftp.nluug.nl/pub/vim/runtime/spell/en.utf-8.spl"
      },
      "original": {
        "type": "file",
        "url": "https://ftp.nluug.nl/pub/vim/runtime/spell/en.utf-8.spl"
      }
    },
    "vimspell-tr": {
      "flake": false,
      "locked": {
        "narHash": "sha256-ATNWP7SlcKhkTVSywfOoKg9PdiRJym3H3Ncg9Gaudr8=",
        "type": "file",
        "url": "https://ftp.nluug.nl/pub/vim/runtime/spell/tr.utf-8.spl"
      },
      "original": {
        "type": "file",
        "url": "https://ftp.nluug.nl/pub/vim/runtime/spell/tr.utf-8.spl"
      }
    }
  },
  "root": "root",
  "version": 7
}
